
Microsoft Visual Studio Solution File, Format Version 12.00
# Visual Studio 2013
VisualStudioVersion = 12.0.31010.0
MinimumVisualStudioVersion = 10.0.40219.1
Project("{FAE04EC0-301F-11D3-BF4B-00C04F79EFBC}") = "TGG", "TGG\TGG.csproj", "{89D3FE4F-64CE-43C9-A3D4-C80B4D527830}"
EndProject
Project("{FAE04EC0-301F-11D3-BF4B-00C04F79EFBC}") = "TGG.Core", "TGG.Core\TGG.Core.csproj", "{6CD2FD3E-C8AA-4AED-8783-4061BC97222C}"
EndProject
Project("{2150E333-8FDC-42A3-9474-1A3956D46DE8}") = "SuperSocket", "SuperSocket", "{A3486489-3F22-4109-B5B9-5E8008EDAD16}"
EndProject
Project("{2150E333-8FDC-42A3-9474-1A3956D46DE8}") = "Solution Items", "Solution Items", "{6E3EED2D-FA90-4963-8D96-1397F4B697E5}"
	ProjectSection(SolutionItems) = preProject
		Solution Items\GlobalAssemblyInfo.cs = Solution Items\GlobalAssemblyInfo.cs
		Solution Items\log4net.config = Solution Items\log4net.config
		Solution Items\TGGAssemblyInfo.cs = Solution Items\TGGAssemblyInfo.cs
	EndProjectSection
EndProject
Project("{2150E333-8FDC-42A3-9474-1A3956D46DE8}") = "Net40", "Net40", "{E935C0FE-2B35-4D50-93FE-C8D23C87694A}"
	ProjectSection(SolutionItems) = preProject
		Solution Items\Net40\App.config = Solution Items\Net40\App.config
	EndProjectSection
EndProject
Project("{2150E333-8FDC-42A3-9474-1A3956D46DE8}") = "Reference", "Reference", "{CE98B8AF-664E-4180-964B-CDB1EE6BC417}"
	ProjectSection(SolutionItems) = preProject
		Reference\flash.xml = Reference\flash.xml
		Reference\log4net.dll = Reference\log4net.dll
		Reference\System.Threading.dll = Reference\System.Threading.dll
	EndProjectSection
EndProject
Project("{2150E333-8FDC-42A3-9474-1A3956D46DE8}") = "Json.NET", "Json.NET", "{0E2AF7E0-2572-4538-80C4-BD6CE56D6680}"
EndProject
Project("{2150E333-8FDC-42A3-9474-1A3956D46DE8}") = "Net40", "Net40", "{62420B2C-3C5F-4128-9B3B-443CF7B31C7A}"
	ProjectSection(SolutionItems) = preProject
		Reference\Json.NET\Net40\Newtonsoft.Json.dll = Reference\Json.NET\Net40\Newtonsoft.Json.dll
	EndProjectSection
EndProject
Project("{FAE04EC0-301F-11D3-BF4B-00C04F79EFBC}") = "TGG.SocketServer", "TGG.SocketServer\TGG.SocketServer.csproj", "{CE9496AB-414E-4A34-838A-D781F41A6883}"
EndProject
Project("{FAE04EC0-301F-11D3-BF4B-00C04F79EFBC}") = "TGG.Command.Socket", "TGG.Command.Socket\TGG.Command.Socket.csproj", "{C58D0504-B15A-4368-BF03-8F85AC302430}"
EndProject
Project("{2150E333-8FDC-42A3-9474-1A3956D46DE8}") = "Core", "Core", "{92DA8A94-4A51-4FE3-8D02-2F53A38AC0E8}"
EndProject
Project("{2150E333-8FDC-42A3-9474-1A3956D46DE8}") = "FluorineFx", "FluorineFx", "{9E44BBC3-F3DD-487B-A9A6-C84E7BF8D24E}"
EndProject
Project("{2150E333-8FDC-42A3-9474-1A3956D46DE8}") = "Net40", "Net40", "{0A131ECC-DBD0-44F6-9140-DCCAD0F68C5C}"
	ProjectSection(SolutionItems) = preProject
		Reference\FluorineFx\Net40\antlr.runtime.dll = Reference\FluorineFx\Net40\antlr.runtime.dll
		Reference\FluorineFx\Net40\FluorineFx.dll = Reference\FluorineFx\Net40\FluorineFx.dll
		Reference\FluorineFx\Net40\FluorineFx.Hosting.dll = Reference\FluorineFx\Net40\FluorineFx.Hosting.dll
		Reference\FluorineFx\Net40\FluorineFx.ServiceBrowser.dll = Reference\FluorineFx\Net40\FluorineFx.ServiceBrowser.dll
		Reference\FluorineFx\Net40\FluorineFx.WCF.dll = Reference\FluorineFx\Net40\FluorineFx.WCF.dll
		Reference\FluorineFx\Net40\ICSharpCode.SharpZipLib.dll = Reference\FluorineFx\Net40\ICSharpCode.SharpZipLib.dll
		Reference\FluorineFx\Net40\log4net.dll = Reference\FluorineFx\Net40\log4net.dll
		Reference\FluorineFx\Net40\MySql.Data.dll = Reference\FluorineFx\Net40\MySql.Data.dll
	EndProjectSection
EndProject
Project("{2150E333-8FDC-42A3-9474-1A3956D46DE8}") = "TGG_SOCKET", "TGG_SOCKET", "{51DC4267-F642-4BE4-BEA7-D86A7381CA8C}"
EndProject
Project("{FAE04EC0-301F-11D3-BF4B-00C04F79EFBC}") = "TGG.Module.Socket", "TGG.Module.Socket\TGG.Module.Socket.csproj", "{4A9E133B-A2BB-4506-A98C-597E792794C1}"
EndProject
Project("{2150E333-8FDC-42A3-9474-1A3956D46DE8}") = "TGG_MODULE", "TGG_MODULE", "{83E5FF62-681A-48D4-8AEE-13FD5232895E}"
EndProject
Project("{FAE04EC0-301F-11D3-BF4B-00C04F79EFBC}") = "TGG.Module.User", "TGG.Module.User\TGG.Module.User.csproj", "{9687E45B-3BB3-4C1A-AE81-02CA2923614E}"
EndProject
Project("{FAE04EC0-301F-11D3-BF4B-00C04F79EFBC}") = "TGG.Module.Business", "TGG.Module.Business\TGG.Module.Business.csproj", "{1775E364-9D4E-487C-804F-F8C89F9898EB}"
EndProject
Project("{2150E333-8FDC-42A3-9474-1A3956D46DE8}") = ".nuget", ".nuget", "{7A5F0DBB-6024-4491-8231-9908DCBF7DF8}"
	ProjectSection(SolutionItems) = preProject
		.nuget\NuGet.Config = .nuget\NuGet.Config
		.nuget\NuGet.exe = .nuget\NuGet.exe
		.nuget\NuGet.targets = .nuget\NuGet.targets
	EndProjectSection
EndProject
Project("{FAE04EC0-301F-11D3-BF4B-00C04F79EFBC}") = "TGG.Module.Scene", "TGG.Module.Scene\TGG.Module.Scene.csproj", "{F8BD17A4-130C-471B-A036-5A3BBA77556D}"
EndProject
Project("{FAE04EC0-301F-11D3-BF4B-00C04F79EFBC}") = "TGG.Module.Timer", "TGG.Module.Timer\TGG.Module.Timer.csproj", "{9E64D11F-1452-4574-97D3-0974590D998E}"
EndProject
Project("{FAE04EC0-301F-11D3-BF4B-00C04F79EFBC}") = "TGG.Module.Props", "TGG.Module.Props\TGG.Module.Props.csproj", "{5D39DA86-664B-445C-9F87-977E1C059956}"
EndProject
Project("{FAE04EC0-301F-11D3-BF4B-00C04F79EFBC}") = "TGG.Module.Task", "TGG.Module.Task\TGG.Module.Task.csproj", "{2796F436-CFD0-48CC-A806-FAFDBC12A72B}"
EndProject
Project("{FAE04EC0-301F-11D3-BF4B-00C04F79EFBC}") = "TGG.Module.Equip", "TGG.Module.Equip\TGG.Module.Equip.csproj", "{2E1E49AF-8027-497D-B586-0032AC892A3E}"
EndProject
Project("{FAE04EC0-301F-11D3-BF4B-00C04F79EFBC}") = "TGG.Module.Role", "TGG.Module.Role\TGG.Module.Role.csproj", "{BA262F6F-CDE8-4547-91C6-1EE8FA5980E5}"
EndProject
Project("{FAE04EC0-301F-11D3-BF4B-00C04F79EFBC}") = "TGG.Module.Messages", "TGG.Module.Messages\TGG.Module.Messages.csproj", "{21405185-F556-4D58-9A68-FDA04D664353}"
EndProject
Project("{FAE04EC0-301F-11D3-BF4B-00C04F79EFBC}") = "TGG.Module.Chat", "TGG.Module.Chat\TGG.Module.Chat.csproj", "{F9AC9BDD-D4FE-4F2F-AF49-63AD8F6B62FB}"
EndProject
Project("{FAE04EC0-301F-11D3-BF4B-00C04F79EFBC}") = "TGG.Module.Fight", "TGG.Module.Fight\TGG.Module.Fight.csproj", "{B91994BC-C577-44C6-9E67-D4DF9BCF8FB9}"
EndProject
Project("{FAE04EC0-301F-11D3-BF4B-00C04F79EFBC}") = "TGG.Module.API", "TGG.Module.API\TGG.Module.API.csproj", "{0C724456-6BC3-49D9-B121-F3BC59F1AC8D}"
EndProject
Project("{2150E333-8FDC-42A3-9474-1A3956D46DE8}") = "Net45", "Net45", "{4B4D1C33-AC01-41E4-B9DB-C6902B075500}"
	ProjectSection(SolutionItems) = preProject
		Solution Items\Net45\App.config = Solution Items\Net45\App.config
	EndProjectSection
EndProject
Project("{FAE04EC0-301F-11D3-BF4B-00C04F79EFBC}") = "SuperSocket.SocketBase.Net45", "SocketBase\SuperSocket.SocketBase.Net45.csproj", "{40B77789-EA11-4C05-8F52-86711D7BCAAF}"
EndProject
Project("{FAE04EC0-301F-11D3-BF4B-00C04F79EFBC}") = "SuperSocket.SocketEngine.Net45", "SocketEngine\SuperSocket.SocketEngine.Net45.csproj", "{153FEF72-191C-43D9-BE71-2B351C7AC760}"
EndProject
Project("{FAE04EC0-301F-11D3-BF4B-00C04F79EFBC}") = "SuperSocket.Facility.Net45", "Facility\SuperSocket.Facility.Net45.csproj", "{01987BAC-C498-44DD-B274-62EA2506B51D}"
EndProject
Project("{FAE04EC0-301F-11D3-BF4B-00C04F79EFBC}") = "SuperSocket.Common.Net45", "Common\SuperSocket.Common.Net45.csproj", "{A24F4D38-BA9C-4FD6-95B7-4980DE36131A}"
EndProject
Project("{2150E333-8FDC-42A3-9474-1A3956D46DE8}") = "Net45", "Net45", "{7BDCFC71-134A-4084-93C2-38573D519F59}"
	ProjectSection(SolutionItems) = preProject
		Reference\FluorineFx\Net45\antlr.runtime.dll = Reference\FluorineFx\Net45\antlr.runtime.dll
		Reference\FluorineFx\Net45\FluorineFx.dll = Reference\FluorineFx\Net45\FluorineFx.dll
		Reference\FluorineFx\Net45\log4net.dll = Reference\FluorineFx\Net45\log4net.dll
	EndProjectSection
EndProject
Project("{FAE04EC0-301F-11D3-BF4B-00C04F79EFBC}") = "TGGUnitTest", "TGGUnitTest\TGGUnitTest.csproj", "{F0E141E9-FD28-4BF0-AD5E-FE06F044963D}"
EndProject
Project("{2150E333-8FDC-42A3-9474-1A3956D46DE8}") = "XCode", "XCode", "{55E1A321-A748-4D12-8C97-51DF9EE23339}"
	ProjectSection(SolutionItems) = preProject
		Reference\XCode\NewLife.Core.dll = Reference\XCode\NewLife.Core.dll
		Reference\XCode\XCode.dll = Reference\XCode\XCode.dll
	EndProjectSection
EndProject
Project("{FAE04EC0-301F-11D3-BF4B-00C04F79EFBC}") = "TGG.Module.Skill", "TGG.Module.Skill\TGG.Module.Skill.csproj", "{A5B27C94-CA79-4D52-80C2-19BE0336A34B}"
EndProject
Project("{FAE04EC0-301F-11D3-BF4B-00C04F79EFBC}") = "TGG.Module.RoleTrain", "TGG.Module.RoleTrain\TGG.Module.RoleTrain.csproj", "{A713F720-88F0-498F-BD3D-5A31AE28E812}"
EndProject
Project("{FAE04EC0-301F-11D3-BF4B-00C04F79EFBC}") = "TGG.Resources", "TGG.Resources\TGG.Resources.csproj", "{CD106589-D026-4AF2-8E42-3C8A701E8F79}"
EndProject
Project("{FAE04EC0-301F-11D3-BF4B-00C04F79EFBC}") = "TGG.Module.Duplicate", "TGG.Module.Duplicate\TGG.Module.Duplicate.csproj", "{7F27113E-AC20-422A-A9BA-6C5AD693E5CE}"
EndProject
Project("{FAE04EC0-301F-11D3-BF4B-00C04F79EFBC}") = "TGG.Module.Family", "TGG.Module.Family\TGG.Module.Family.csproj", "{634125A0-20A5-44D5-8985-3C7F5F699BFA}"
EndProject
Project("{FAE04EC0-301F-11D3-BF4B-00C04F79EFBC}") = "TGG.Module.Rankings", "TGG.Module.Rankings\TGG.Module.Rankings.csproj", "{F88F0A54-B973-4F4B-8004-11D3AC588392}"
EndProject
Project("{FAE04EC0-301F-11D3-BF4B-00C04F79EFBC}") = "TGG.Module.Notice", "TGG.Module.Notice\TGG.Module.Notice.csproj", "{DB966310-FD22-4AF1-954E-CE86887ED540}"
EndProject
Project("{FAE04EC0-301F-11D3-BF4B-00C04F79EFBC}") = "TGG.Module.Friend", "TGG.Module.Friend\TGG.Module.Friend.csproj", "{04EFD889-C27A-40AD-960C-3CD95FD9984D}"
EndProject
Project("{FAE04EC0-301F-11D3-BF4B-00C04F79EFBC}") = "TGG.Module.Appraise", "TGG.Module.Appraise\TGG.Module.Appraise.csproj", "{892AE4A9-9FD4-4AF8-A04D-1A8CBD18AC85}"
EndProject
Project("{FAE04EC0-301F-11D3-BF4B-00C04F79EFBC}") = "TGG.Module.SingleFight", "TGG.Module.SingleFight\TGG.Module.SingleFight.csproj", "{0E7F6DD9-C809-421B-B362-36A0BFF39EC7}"
EndProject
Project("{FAE04EC0-301F-11D3-BF4B-00C04F79EFBC}") = "TGG.Module.Arena", "TGG.Module.Arena\TGG.Module.Arena.csproj", "{F72B3066-235E-42F0-ADB2-B7DE98A5F603}"
EndProject
Project("{FAE04EC0-301F-11D3-BF4B-00C04F79EFBC}") = "TGG.Module.Title", "TGG.Module.Title\TGG.Module.Title.csproj", "{DC8873B3-30F2-466B-993B-2D74E75D1CB5}"
EndProject
Project("{FAE04EC0-301F-11D3-BF4B-00C04F79EFBC}") = "TGG.Module.Prison", "TGG.Module.Prison\TGG.Module.Prison.csproj", "{BC4B291C-F693-4EA9-B9D4-07794A49A548}"
EndProject
Project("{FAE04EC0-301F-11D3-BF4B-00C04F79EFBC}") = "TGG.Module.Siege", "TGG.Module.Siege\TGG.Module.Siege.csproj", "{EF115D44-0360-456C-AADA-5EAD15D60C6C}"
EndProject
Project("{FAE04EC0-301F-11D3-BF4B-00C04F79EFBC}") = "TGG.Module.Building", "TGG.Module.Building\TGG.Module.Building.csproj", "{7773492C-459B-4B48-819C-86057878F63B}"
EndProject
Project("{FAE04EC0-301F-11D3-BF4B-00C04F79EFBC}") = "TGG.Module.Work", "TGG.Module.Work\TGG.Module.Work.csproj", "{FA143361-D4A7-424E-94C8-838A4882400C}"
EndProject
Project("{FAE04EC0-301F-11D3-BF4B-00C04F79EFBC}") = "TGG.Share", "TGG.Share\TGG.Share.csproj", "{08D53178-76F2-4E1B-B9EA-B769A293DD0B}"
EndProject
Project("{FAE04EC0-301F-11D3-BF4B-00C04F79EFBC}") = "TGG.Module.Guide", "TGG.Module.Guide\TGG.Module.Guide.csproj", "{FB7EE1DA-0975-42DC-89A3-F03A3FCCCDCD}"
EndProject
Project("{FAE04EC0-301F-11D3-BF4B-00C04F79EFBC}") = "TGG.Module.Games", "TGG.Module.Games\TGG.Module.Games.csproj", "{F066FC5D-051C-4366-AABA-726033C3773D}"
EndProject
Project("{FAE04EC0-301F-11D3-BF4B-00C04F79EFBC}") = "TGG.Module.Consume", "TGG.Module.Consume\TGG.Module.Consume.csproj", "{A6BF00DA-430F-4185-8496-A65B5BB174DB}"
EndProject
Global
	GlobalSection(TeamFoundationVersionControl) = preSolution
		SccNumberOfProjects = 43
		SccEnterpriseProvider = {4CA58AB2-18FA-4F8D-95D4-32DDF27D184C}
		SccTeamFoundationServer = http://192.168.1.254:8080/tfs/defaultcollection
		SccLocalPath0 = .
		SccProjectUniqueName1 = TGG\\TGG.csproj
		SccProjectName1 = TGG
		SccLocalPath1 = TGG
		SccProjectUniqueName2 = TGG.Command.Socket\\TGG.Command.Socket.csproj
		SccProjectTopLevelParentUniqueName2 = TGG.sln
		SccProjectName2 = TGG.Command.Socket
		SccLocalPath2 = TGG.Command.Socket
		SccProjectUniqueName3 = TGG.Core\\TGG.Core.csproj
		SccProjectTopLevelParentUniqueName3 = TGG.sln
		SccProjectName3 = TGG.Core
		SccLocalPath3 = TGG.Core
		SccProjectUniqueName4 = TGG.SocketServer\\TGG.SocketServer.csproj
		SccProjectTopLevelParentUniqueName4 = TGG.sln
		SccProjectName4 = TGG.SocketServer
		SccLocalPath4 = TGG.SocketServer
		SccProjectUniqueName5 = TGG.Module.Socket\\TGG.Module.Socket.csproj
		SccProjectTopLevelParentUniqueName5 = TGG.sln
		SccProjectName5 = TGG.Module.Socket
		SccLocalPath5 = TGG.Module.Socket
		SccProjectUniqueName6 = TGG.Module.Business\\TGG.Module.Business.csproj
		SccProjectTopLevelParentUniqueName6 = TGG.sln
		SccProjectName6 = TGG.Module.Business
		SccLocalPath6 = TGG.Module.Business
		SccProjectUniqueName7 = TGG.Module.User\\TGG.Module.User.csproj
		SccProjectTopLevelParentUniqueName7 = TGG.sln
		SccProjectName7 = TGG.Module.User
		SccLocalPath7 = TGG.Module.User
		SccProjectUniqueName8 = TGG.Module.Scene\\TGG.Module.Scene.csproj
		SccProjectTopLevelParentUniqueName8 = TGG.sln
		SccProjectName8 = TGG.Module.Scene
		SccLocalPath8 = TGG.Module.Scene
		SccProjectUniqueName9 = TGG.Module.Timer\\TGG.Module.Timer.csproj
		SccProjectTopLevelParentUniqueName9 = TGG.sln
		SccProjectName9 = TGG.Module.Timer
		SccLocalPath9 = TGG.Module.Timer
		SccProjectUniqueName10 = TGG.Module.Props\\TGG.Module.Props.csproj
		SccProjectTopLevelParentUniqueName10 = TGG.sln
		SccProjectName10 = TGG.Module.Props
		SccLocalPath10 = TGG.Module.Props
		SccProjectUniqueName11 = TGG.Module.Task\\TGG.Module.Task.csproj
		SccProjectTopLevelParentUniqueName11 = TGG.sln
		SccProjectName11 = TGG.Module.Task
		SccLocalPath11 = TGG.Module.Task
		SccProjectUniqueName12 = TGG.Module.Equip\\TGG.Module.Equip.csproj
		SccProjectTopLevelParentUniqueName12 = TGG.sln
		SccProjectName12 = TGG.Module.Equip
		SccLocalPath12 = TGG.Module.Equip
		SccProjectUniqueName13 = TGG.Module.Role\\TGG.Module.Role.csproj
		SccProjectTopLevelParentUniqueName13 = TGG.sln
		SccProjectName13 = TGG.Module.Role
		SccLocalPath13 = TGG.Module.Role
		SccProjectUniqueName14 = TGG.Module.Messages\\TGG.Module.Messages.csproj
		SccProjectTopLevelParentUniqueName14 = TGG.sln
		SccProjectName14 = TGG.Module.Messages
		SccLocalPath14 = TGG.Module.Messages
		SccProjectUniqueName15 = TGG.Module.Chat\\TGG.Module.Chat.csproj
		SccProjectTopLevelParentUniqueName15 = TGG.sln
		SccProjectName15 = TGG.Module.Chat
		SccLocalPath15 = TGG.Module.Chat
		SccProjectUniqueName16 = TGG.Module.Fight\\TGG.Module.Fight.csproj
		SccProjectTopLevelParentUniqueName16 = TGG.sln
		SccProjectName16 = TGG.Module.Fight
		SccLocalPath16 = TGG.Module.Fight
		SccProjectUniqueName17 = TGG.Module.API\\TGG.Module.API.csproj
		SccProjectTopLevelParentUniqueName17 = TGG.sln
		SccProjectName17 = TGG.Module.API
		SccLocalPath17 = TGG.Module.API
		SccProjectUniqueName18 = Common\\SuperSocket.Common.Net45.csproj
		SccProjectTopLevelParentUniqueName18 = TGG.sln
		SccProjectName18 = Common
		SccLocalPath18 = Common
		SccProjectUniqueName19 = Facility\\SuperSocket.Facility.Net45.csproj
		SccProjectTopLevelParentUniqueName19 = TGG.sln
		SccProjectName19 = Facility
		SccLocalPath19 = Facility
		SccProjectUniqueName20 = SocketBase\\SuperSocket.SocketBase.Net45.csproj
		SccProjectTopLevelParentUniqueName20 = TGG.sln
		SccProjectName20 = SocketBase
		SccLocalPath20 = SocketBase
		SccProjectUniqueName21 = SocketEngine\\SuperSocket.SocketEngine.Net45.csproj
		SccProjectTopLevelParentUniqueName21 = TGG.sln
		SccProjectName21 = SocketEngine
		SccLocalPath21 = SocketEngine
		SccProjectUniqueName22 = TGGUnitTest\\TGGUnitTest.csproj
		SccProjectName22 = TGGUnitTest
		SccLocalPath22 = TGGUnitTest
		SccProjectUniqueName23 = TGG.Module.Skill\\TGG.Module.Skill.csproj
		SccProjectTopLevelParentUniqueName23 = TGG.sln
		SccProjectName23 = TGG.Module.Skill
		SccLocalPath23 = TGG.Module.Skill
		SccProjectUniqueName24 = TGG.Module.RoleTrain\\TGG.Module.RoleTrain.csproj
		SccProjectTopLevelParentUniqueName24 = TGG.sln
		SccProjectName24 = TGG.Module.RoleTrain
		SccLocalPath24 = TGG.Module.RoleTrain
		SccProjectUniqueName25 = TGG.Resources\\TGG.Resources.csproj
		SccProjectTopLevelParentUniqueName25 = TGG.sln
		SccProjectName25 = TGG.Resources
		SccLocalPath25 = TGG.Resources
		SccProjectUniqueName26 = TGG.Module.Duplicate\\TGG.Module.Duplicate.csproj
		SccProjectTopLevelParentUniqueName26 = TGG.sln
		SccProjectName26 = TGG.Module.Duplicate
		SccLocalPath26 = TGG.Module.Duplicate
		SccProjectUniqueName27 = TGG.Module.Family\\TGG.Module.Family.csproj
		SccProjectTopLevelParentUniqueName27 = TGG.sln
		SccProjectName27 = TGG.Module.Family
		SccLocalPath27 = TGG.Module.Family
		SccProjectUniqueName28 = TGG.Module.Rankings\\TGG.Module.Rankings.csproj
		SccProjectTopLevelParentUniqueName28 = TGG.sln
		SccProjectName28 = TGG.Module.Rankings
		SccLocalPath28 = TGG.Module.Rankings
		SccProjectUniqueName29 = TGG.Module.Notice\\TGG.Module.Notice.csproj
		SccProjectTopLevelParentUniqueName29 = TGG.sln
		SccProjectName29 = TGG.Module.Notice
		SccLocalPath29 = TGG.Module.Notice
		SccProjectUniqueName30 = TGG.Module.Friend\\TGG.Module.Friend.csproj
		SccProjectTopLevelParentUniqueName30 = TGG.sln
		SccProjectName30 = TGG.Module.Friend
		SccLocalPath30 = TGG.Module.Friend
		SccProjectUniqueName31 = TGG.Module.Appraise\\TGG.Module.Appraise.csproj
		SccProjectTopLevelParentUniqueName31 = TGG.sln
		SccProjectName31 = TGG.Module.Appraise
		SccLocalPath31 = TGG.Module.Appraise
		SccProjectUniqueName32 = TGG.Module.SingleFight\\TGG.Module.SingleFight.csproj
		SccProjectTopLevelParentUniqueName32 = TGG.sln
		SccProjectName32 = TGG.Module.SingleFight
		SccLocalPath32 = TGG.Module.SingleFight
		SccProjectUniqueName33 = TGG.Module.Arena\\TGG.Module.Arena.csproj
		SccProjectTopLevelParentUniqueName33 = TGG.sln
		SccProjectName33 = TGG.Module.Arena
		SccLocalPath33 = TGG.Module.Arena
		SccProjectUniqueName34 = TGG.Module.Title\\TGG.Module.Title.csproj
		SccProjectTopLevelParentUniqueName34 = TGG.sln
		SccProjectName34 = TGG.Module.Title
		SccLocalPath34 = TGG.Module.Title
		SccProjectUniqueName35 = TGG.Module.Prison\\TGG.Module.Prison.csproj
		SccProjectTopLevelParentUniqueName35 = TGG.sln
		SccProjectName35 = TGG.Module.Prison
		SccLocalPath35 = TGG.Module.Prison
		SccProjectUniqueName36 = TGG.Module.Siege\\TGG.Module.Siege.csproj
		SccProjectTopLevelParentUniqueName36 = TGG.sln
		SccProjectName36 = TGG.Module.Siege
		SccLocalPath36 = TGG.Module.Siege
		SccProjectUniqueName37 = TGG.Module.Building\\TGG.Module.Building.csproj
		SccProjectTopLevelParentUniqueName37 = TGG.sln
		SccProjectName37 = TGG.Module.Building
		SccLocalPath37 = TGG.Module.Building
		SccProjectUniqueName38 = TGG.Module.Work\\TGG.Module.Work.csproj
		SccProjectTopLevelParentUniqueName38 = TGG.sln
		SccProjectName38 = TGG.Module.Work
		SccLocalPath38 = TGG.Module.Work
		SccProjectUniqueName39 = TGG.Share\\TGG.Share.csproj
		SccProjectTopLevelParentUniqueName39 = TGG.sln
		SccProjectName39 = TGG.Share
		SccLocalPath39 = TGG.Share
		SccProjectUniqueName40 = TGG.Module.Guide\\TGG.Module.Guide.csproj
		SccProjectTopLevelParentUniqueName40 = TGG.sln
		SccProjectName40 = TGG.Module.Guide
		SccLocalPath40 = TGG.Module.Guide
		SccProjectUniqueName41 = TGG.Module.Games\\TGG.Module.Games.csproj
		SccProjectTopLevelParentUniqueName41 = TGG.sln
		SccProjectName41 = TGG.Module.Games
		SccLocalPath41 = TGG.Module.Games
		SccProjectUniqueName42 = TGG.Module.Consume\\TGG.Module.Consume.csproj
		SccProjectTopLevelParentUniqueName42 = TGG.sln
		SccProjectName42 = TGG.Module.Consume
		SccLocalPath42 = TGG.Module.Consume
	EndGlobalSection
	GlobalSection(SolutionConfigurationPlatforms) = preSolution
		Debug|Any CPU = Debug|Any CPU
		Debug|Mixed Platforms = Debug|Mixed Platforms
		Debug|x86 = Debug|x86
		Release|Any CPU = Release|Any CPU
		Release|Mixed Platforms = Release|Mixed Platforms
		Release|x86 = Release|x86
	EndGlobalSection
	GlobalSection(ProjectConfigurationPlatforms) = postSolution
		{89D3FE4F-64CE-43C9-A3D4-C80B4D527830}.Debug|Any CPU.ActiveCfg = Debug|x86
		{89D3FE4F-64CE-43C9-A3D4-C80B4D527830}.Debug|Any CPU.Build.0 = Debug|x86
		{89D3FE4F-64CE-43C9-A3D4-C80B4D527830}.Debug|Mixed Platforms.ActiveCfg = Debug|x86
		{89D3FE4F-64CE-43C9-A3D4-C80B4D527830}.Debug|Mixed Platforms.Build.0 = Debug|x86
		{89D3FE4F-64CE-43C9-A3D4-C80B4D527830}.Debug|x86.ActiveCfg = Debug|x86
		{89D3FE4F-64CE-43C9-A3D4-C80B4D527830}.Debug|x86.Build.0 = Debug|x86
		{89D3FE4F-64CE-43C9-A3D4-C80B4D527830}.Release|Any CPU.ActiveCfg = Release|x86
		{89D3FE4F-64CE-43C9-A3D4-C80B4D527830}.Release|Any CPU.Build.0 = Release|x86
		{89D3FE4F-64CE-43C9-A3D4-C80B4D527830}.Release|Mixed Platforms.ActiveCfg = Release|x86
		{89D3FE4F-64CE-43C9-A3D4-C80B4D527830}.Release|Mixed Platforms.Build.0 = Release|x86
		{89D3FE4F-64CE-43C9-A3D4-C80B4D527830}.Release|x86.ActiveCfg = Release|x86
		{89D3FE4F-64CE-43C9-A3D4-C80B4D527830}.Release|x86.Build.0 = Release|x86
		{6CD2FD3E-C8AA-4AED-8783-4061BC97222C}.Debug|Any CPU.ActiveCfg = Debug|Any CPU
		{6CD2FD3E-C8AA-4AED-8783-4061BC97222C}.Debug|Any CPU.Build.0 = Debug|Any CPU
		{6CD2FD3E-C8AA-4AED-8783-4061BC97222C}.Debug|Mixed Platforms.ActiveCfg = Debug|Any CPU
		{6CD2FD3E-C8AA-4AED-8783-4061BC97222C}.Debug|Mixed Platforms.Build.0 = Debug|Any CPU
		{6CD2FD3E-C8AA-4AED-8783-4061BC97222C}.Debug|x86.ActiveCfg = Debug|Any CPU
		{6CD2FD3E-C8AA-4AED-8783-4061BC97222C}.Release|Any CPU.ActiveCfg = Release|Any CPU
		{6CD2FD3E-C8AA-4AED-8783-4061BC97222C}.Release|Any CPU.Build.0 = Release|Any CPU
		{6CD2FD3E-C8AA-4AED-8783-4061BC97222C}.Release|Mixed Platforms.ActiveCfg = Release|Any CPU
		{6CD2FD3E-C8AA-4AED-8783-4061BC97222C}.Release|Mixed Platforms.Build.0 = Release|Any CPU
		{6CD2FD3E-C8AA-4AED-8783-4061BC97222C}.Release|x86.ActiveCfg = Release|Any CPU
		{CE9496AB-414E-4A34-838A-D781F41A6883}.Debug|Any CPU.ActiveCfg = Debug|Any CPU
		{CE9496AB-414E-4A34-838A-D781F41A6883}.Debug|Any CPU.Build.0 = Debug|Any CPU
		{CE9496AB-414E-4A34-838A-D781F41A6883}.Debug|Mixed Platforms.ActiveCfg = Debug|Any CPU
		{CE9496AB-414E-4A34-838A-D781F41A6883}.Debug|Mixed Platforms.Build.0 = Debug|Any CPU
		{CE9496AB-414E-4A34-838A-D781F41A6883}.Debug|x86.ActiveCfg = Debug|Any CPU
		{CE9496AB-414E-4A34-838A-D781F41A6883}.Release|Any CPU.ActiveCfg = Release|Any CPU
		{CE9496AB-414E-4A34-838A-D781F41A6883}.Release|Any CPU.Build.0 = Release|Any CPU
		{CE9496AB-414E-4A34-838A-D781F41A6883}.Release|Mixed Platforms.ActiveCfg = Release|Any CPU
		{CE9496AB-414E-4A34-838A-D781F41A6883}.Release|Mixed Platforms.Build.0 = Release|Any CPU
		{CE9496AB-414E-4A34-838A-D781F41A6883}.Release|x86.ActiveCfg = Release|Any CPU
		{C58D0504-B15A-4368-BF03-8F85AC302430}.Debug|Any CPU.ActiveCfg = Debug|Any CPU
		{C58D0504-B15A-4368-BF03-8F85AC302430}.Debug|Any CPU.Build.0 = Debug|Any CPU
		{C58D0504-B15A-4368-BF03-8F85AC302430}.Debug|Mixed Platforms.ActiveCfg = Debug|Any CPU
		{C58D0504-B15A-4368-BF03-8F85AC302430}.Debug|Mixed Platforms.Build.0 = Debug|Any CPU
		{C58D0504-B15A-4368-BF03-8F85AC302430}.Debug|x86.ActiveCfg = Debug|Any CPU
		{C58D0504-B15A-4368-BF03-8F85AC302430}.Release|Any CPU.ActiveCfg = Release|Any CPU
		{C58D0504-B15A-4368-BF03-8F85AC302430}.Release|Any CPU.Build.0 = Release|Any CPU
		{C58D0504-B15A-4368-BF03-8F85AC302430}.Release|Mixed Platforms.ActiveCfg = Release|Any CPU
		{C58D0504-B15A-4368-BF03-8F85AC302430}.Release|Mixed Platforms.Build.0 = Release|Any CPU
		{C58D0504-B15A-4368-BF03-8F85AC302430}.Release|x86.ActiveCfg = Release|Any CPU
		{4A9E133B-A2BB-4506-A98C-597E792794C1}.Debug|Any CPU.ActiveCfg = Debug|Any CPU
		{4A9E133B-A2BB-4506-A98C-597E792794C1}.Debug|Any CPU.Build.0 = Debug|Any CPU
		{4A9E133B-A2BB-4506-A98C-597E792794C1}.Debug|Mixed Platforms.ActiveCfg = Debug|Any CPU
		{4A9E133B-A2BB-4506-A98C-597E792794C1}.Debug|Mixed Platforms.Build.0 = Debug|Any CPU
		{4A9E133B-A2BB-4506-A98C-597E792794C1}.Debug|x86.ActiveCfg = Debug|Any CPU
		{4A9E133B-A2BB-4506-A98C-597E792794C1}.Release|Any CPU.ActiveCfg = Release|Any CPU
		{4A9E133B-A2BB-4506-A98C-597E792794C1}.Release|Any CPU.Build.0 = Release|Any CPU
		{4A9E133B-A2BB-4506-A98C-597E792794C1}.Release|Mixed Platforms.ActiveCfg = Release|Any CPU
		{4A9E133B-A2BB-4506-A98C-597E792794C1}.Release|Mixed Platforms.Build.0 = Release|Any CPU
		{4A9E133B-A2BB-4506-A98C-597E792794C1}.Release|x86.ActiveCfg = Release|Any CPU
		{9687E45B-3BB3-4C1A-AE81-02CA2923614E}.Debug|Any CPU.ActiveCfg = Debug|Any CPU
		{9687E45B-3BB3-4C1A-AE81-02CA2923614E}.Debug|Any CPU.Build.0 = Debug|Any CPU
		{9687E45B-3BB3-4C1A-AE81-02CA2923614E}.Debug|Mixed Platforms.ActiveCfg = Debug|Any CPU
		{9687E45B-3BB3-4C1A-AE81-02CA2923614E}.Debug|Mixed Platforms.Build.0 = Debug|Any CPU
		{9687E45B-3BB3-4C1A-AE81-02CA2923614E}.Debug|x86.ActiveCfg = Debug|Any CPU
		{9687E45B-3BB3-4C1A-AE81-02CA2923614E}.Release|Any CPU.ActiveCfg = Release|Any CPU
		{9687E45B-3BB3-4C1A-AE81-02CA2923614E}.Release|Any CPU.Build.0 = Release|Any CPU
		{9687E45B-3BB3-4C1A-AE81-02CA2923614E}.Release|Mixed Platforms.ActiveCfg = Release|Any CPU
		{9687E45B-3BB3-4C1A-AE81-02CA2923614E}.Release|Mixed Platforms.Build.0 = Release|Any CPU
		{9687E45B-3BB3-4C1A-AE81-02CA2923614E}.Release|x86.ActiveCfg = Release|Any CPU
		{1775E364-9D4E-487C-804F-F8C89F9898EB}.Debug|Any CPU.ActiveCfg = Debug|Any CPU
		{1775E364-9D4E-487C-804F-F8C89F9898EB}.Debug|Any CPU.Build.0 = Debug|Any CPU
		{1775E364-9D4E-487C-804F-F8C89F9898EB}.Debug|Mixed Platforms.ActiveCfg = Debug|Any CPU
		{1775E364-9D4E-487C-804F-F8C89F9898EB}.Debug|Mixed Platforms.Build.0 = Debug|Any CPU
		{1775E364-9D4E-487C-804F-F8C89F9898EB}.Debug|x86.ActiveCfg = Debug|Any CPU
		{1775E364-9D4E-487C-804F-F8C89F9898EB}.Release|Any CPU.ActiveCfg = Release|Any CPU
		{1775E364-9D4E-487C-804F-F8C89F9898EB}.Release|Any CPU.Build.0 = Release|Any CPU
		{1775E364-9D4E-487C-804F-F8C89F9898EB}.Release|Mixed Platforms.ActiveCfg = Release|Any CPU
		{1775E364-9D4E-487C-804F-F8C89F9898EB}.Release|Mixed Platforms.Build.0 = Release|Any CPU
		{1775E364-9D4E-487C-804F-F8C89F9898EB}.Release|x86.ActiveCfg = Release|Any CPU
		{F8BD17A4-130C-471B-A036-5A3BBA77556D}.Debug|Any CPU.ActiveCfg = Debug|Any CPU
		{F8BD17A4-130C-471B-A036-5A3BBA77556D}.Debug|Any CPU.Build.0 = Debug|Any CPU
		{F8BD17A4-130C-471B-A036-5A3BBA77556D}.Debug|Mixed Platforms.ActiveCfg = Debug|Any CPU
		{F8BD17A4-130C-471B-A036-5A3BBA77556D}.Debug|Mixed Platforms.Build.0 = Debug|Any CPU
		{F8BD17A4-130C-471B-A036-5A3BBA77556D}.Debug|x86.ActiveCfg = Debug|Any CPU
		{F8BD17A4-130C-471B-A036-5A3BBA77556D}.Release|Any CPU.ActiveCfg = Release|Any CPU
		{F8BD17A4-130C-471B-A036-5A3BBA77556D}.Release|Any CPU.Build.0 = Release|Any CPU
		{F8BD17A4-130C-471B-A036-5A3BBA77556D}.Release|Mixed Platforms.ActiveCfg = Release|Any CPU
		{F8BD17A4-130C-471B-A036-5A3BBA77556D}.Release|Mixed Platforms.Build.0 = Release|Any CPU
		{F8BD17A4-130C-471B-A036-5A3BBA77556D}.Release|x86.ActiveCfg = Release|Any CPU
		{9E64D11F-1452-4574-97D3-0974590D998E}.Debug|Any CPU.ActiveCfg = Debug|Any CPU
		{9E64D11F-1452-4574-97D3-0974590D998E}.Debug|Any CPU.Build.0 = Debug|Any CPU
		{9E64D11F-1452-4574-97D3-0974590D998E}.Debug|Mixed Platforms.ActiveCfg = Debug|Any CPU
		{9E64D11F-1452-4574-97D3-0974590D998E}.Debug|Mixed Platforms.Build.0 = Debug|Any CPU
		{9E64D11F-1452-4574-97D3-0974590D998E}.Debug|x86.ActiveCfg = Debug|Any CPU
		{9E64D11F-1452-4574-97D3-0974590D998E}.Release|Any CPU.ActiveCfg = Release|Any CPU
		{9E64D11F-1452-4574-97D3-0974590D998E}.Release|Any CPU.Build.0 = Release|Any CPU
		{9E64D11F-1452-4574-97D3-0974590D998E}.Release|Mixed Platforms.ActiveCfg = Release|Any CPU
		{9E64D11F-1452-4574-97D3-0974590D998E}.Release|Mixed Platforms.Build.0 = Release|Any CPU
		{9E64D11F-1452-4574-97D3-0974590D998E}.Release|x86.ActiveCfg = Release|Any CPU
		{5D39DA86-664B-445C-9F87-977E1C059956}.Debug|Any CPU.ActiveCfg = Debug|Any CPU
		{5D39DA86-664B-445C-9F87-977E1C059956}.Debug|Any CPU.Build.0 = Debug|Any CPU
		{5D39DA86-664B-445C-9F87-977E1C059956}.Debug|Mixed Platforms.ActiveCfg = Debug|Any CPU
		{5D39DA86-664B-445C-9F87-977E1C059956}.Debug|Mixed Platforms.Build.0 = Debug|Any CPU
		{5D39DA86-664B-445C-9F87-977E1C059956}.Debug|x86.ActiveCfg = Debug|Any CPU
		{5D39DA86-664B-445C-9F87-977E1C059956}.Release|Any CPU.ActiveCfg = Release|Any CPU
		{5D39DA86-664B-445C-9F87-977E1C059956}.Release|Any CPU.Build.0 = Release|Any CPU
		{5D39DA86-664B-445C-9F87-977E1C059956}.Release|Mixed Platforms.ActiveCfg = Release|Any CPU
		{5D39DA86-664B-445C-9F87-977E1C059956}.Release|Mixed Platforms.Build.0 = Release|Any CPU
		{5D39DA86-664B-445C-9F87-977E1C059956}.Release|x86.ActiveCfg = Release|Any CPU
		{2796F436-CFD0-48CC-A806-FAFDBC12A72B}.Debug|Any CPU.ActiveCfg = Debug|Any CPU
		{2796F436-CFD0-48CC-A806-FAFDBC12A72B}.Debug|Any CPU.Build.0 = Debug|Any CPU
		{2796F436-CFD0-48CC-A806-FAFDBC12A72B}.Debug|Mixed Platforms.ActiveCfg = Debug|Any CPU
		{2796F436-CFD0-48CC-A806-FAFDBC12A72B}.Debug|Mixed Platforms.Build.0 = Debug|Any CPU
		{2796F436-CFD0-48CC-A806-FAFDBC12A72B}.Debug|x86.ActiveCfg = Debug|Any CPU
		{2796F436-CFD0-48CC-A806-FAFDBC12A72B}.Release|Any CPU.ActiveCfg = Release|Any CPU
		{2796F436-CFD0-48CC-A806-FAFDBC12A72B}.Release|Any CPU.Build.0 = Release|Any CPU
		{2796F436-CFD0-48CC-A806-FAFDBC12A72B}.Release|Mixed Platforms.ActiveCfg = Release|Any CPU
		{2796F436-CFD0-48CC-A806-FAFDBC12A72B}.Release|Mixed Platforms.Build.0 = Release|Any CPU
		{2796F436-CFD0-48CC-A806-FAFDBC12A72B}.Release|x86.ActiveCfg = Release|Any CPU
		{2E1E49AF-8027-497D-B586-0032AC892A3E}.Debug|Any CPU.ActiveCfg = Debug|Any CPU
		{2E1E49AF-8027-497D-B586-0032AC892A3E}.Debug|Any CPU.Build.0 = Debug|Any CPU
		{2E1E49AF-8027-497D-B586-0032AC892A3E}.Debug|Mixed Platforms.ActiveCfg = Debug|Any CPU
		{2E1E49AF-8027-497D-B586-0032AC892A3E}.Debug|Mixed Platforms.Build.0 = Debug|Any CPU
		{2E1E49AF-8027-497D-B586-0032AC892A3E}.Debug|x86.ActiveCfg = Debug|Any CPU
		{2E1E49AF-8027-497D-B586-0032AC892A3E}.Release|Any CPU.ActiveCfg = Release|Any CPU
		{2E1E49AF-8027-497D-B586-0032AC892A3E}.Release|Any CPU.Build.0 = Release|Any CPU
		{2E1E49AF-8027-497D-B586-0032AC892A3E}.Release|Mixed Platforms.ActiveCfg = Release|Any CPU
		{2E1E49AF-8027-497D-B586-0032AC892A3E}.Release|Mixed Platforms.Build.0 = Release|Any CPU
		{2E1E49AF-8027-497D-B586-0032AC892A3E}.Release|x86.ActiveCfg = Release|Any CPU
		{BA262F6F-CDE8-4547-91C6-1EE8FA5980E5}.Debug|Any CPU.ActiveCfg = Debug|Any CPU
		{BA262F6F-CDE8-4547-91C6-1EE8FA5980E5}.Debug|Any CPU.Build.0 = Debug|Any CPU
		{BA262F6F-CDE8-4547-91C6-1EE8FA5980E5}.Debug|Mixed Platforms.ActiveCfg = Debug|Any CPU
		{BA262F6F-CDE8-4547-91C6-1EE8FA5980E5}.Debug|Mixed Platforms.Build.0 = Debug|Any CPU
		{BA262F6F-CDE8-4547-91C6-1EE8FA5980E5}.Debug|x86.ActiveCfg = Debug|Any CPU
		{BA262F6F-CDE8-4547-91C6-1EE8FA5980E5}.Release|Any CPU.ActiveCfg = Release|Any CPU
		{BA262F6F-CDE8-4547-91C6-1EE8FA5980E5}.Release|Any CPU.Build.0 = Release|Any CPU
		{BA262F6F-CDE8-4547-91C6-1EE8FA5980E5}.Release|Mixed Platforms.ActiveCfg = Release|Any CPU
		{BA262F6F-CDE8-4547-91C6-1EE8FA5980E5}.Release|Mixed Platforms.Build.0 = Release|Any CPU
		{BA262F6F-CDE8-4547-91C6-1EE8FA5980E5}.Release|x86.ActiveCfg = Release|Any CPU
		{21405185-F556-4D58-9A68-FDA04D664353}.Debug|Any CPU.ActiveCfg = Debug|Any CPU
		{21405185-F556-4D58-9A68-FDA04D664353}.Debug|Any CPU.Build.0 = Debug|Any CPU
		{21405185-F556-4D58-9A68-FDA04D664353}.Debug|Mixed Platforms.ActiveCfg = Debug|Any CPU
		{21405185-F556-4D58-9A68-FDA04D664353}.Debug|Mixed Platforms.Build.0 = Debug|Any CPU
		{21405185-F556-4D58-9A68-FDA04D664353}.Debug|x86.ActiveCfg = Debug|Any CPU
		{21405185-F556-4D58-9A68-FDA04D664353}.Release|Any CPU.ActiveCfg = Release|Any CPU
		{21405185-F556-4D58-9A68-FDA04D664353}.Release|Any CPU.Build.0 = Release|Any CPU
		{21405185-F556-4D58-9A68-FDA04D664353}.Release|Mixed Platforms.ActiveCfg = Release|Any CPU
		{21405185-F556-4D58-9A68-FDA04D664353}.Release|Mixed Platforms.Build.0 = Release|Any CPU
		{21405185-F556-4D58-9A68-FDA04D664353}.Release|x86.ActiveCfg = Release|Any CPU
		{F9AC9BDD-D4FE-4F2F-AF49-63AD8F6B62FB}.Debug|Any CPU.ActiveCfg = Debug|Any CPU
		{F9AC9BDD-D4FE-4F2F-AF49-63AD8F6B62FB}.Debug|Any CPU.Build.0 = Debug|Any CPU
		{F9AC9BDD-D4FE-4F2F-AF49-63AD8F6B62FB}.Debug|Mixed Platforms.ActiveCfg = Debug|Any CPU
		{F9AC9BDD-D4FE-4F2F-AF49-63AD8F6B62FB}.Debug|Mixed Platforms.Build.0 = Debug|Any CPU
		{F9AC9BDD-D4FE-4F2F-AF49-63AD8F6B62FB}.Debug|x86.ActiveCfg = Debug|Any CPU
		{F9AC9BDD-D4FE-4F2F-AF49-63AD8F6B62FB}.Release|Any CPU.ActiveCfg = Release|Any CPU
		{F9AC9BDD-D4FE-4F2F-AF49-63AD8F6B62FB}.Release|Any CPU.Build.0 = Release|Any CPU
		{F9AC9BDD-D4FE-4F2F-AF49-63AD8F6B62FB}.Release|Mixed Platforms.ActiveCfg = Release|Any CPU
		{F9AC9BDD-D4FE-4F2F-AF49-63AD8F6B62FB}.Release|Mixed Platforms.Build.0 = Release|Any CPU
		{F9AC9BDD-D4FE-4F2F-AF49-63AD8F6B62FB}.Release|x86.ActiveCfg = Release|Any CPU
		{B91994BC-C577-44C6-9E67-D4DF9BCF8FB9}.Debug|Any CPU.ActiveCfg = Debug|Any CPU
		{B91994BC-C577-44C6-9E67-D4DF9BCF8FB9}.Debug|Any CPU.Build.0 = Debug|Any CPU
		{B91994BC-C577-44C6-9E67-D4DF9BCF8FB9}.Debug|Mixed Platforms.ActiveCfg = Debug|Any CPU
		{B91994BC-C577-44C6-9E67-D4DF9BCF8FB9}.Debug|Mixed Platforms.Build.0 = Debug|Any CPU
		{B91994BC-C577-44C6-9E67-D4DF9BCF8FB9}.Debug|x86.ActiveCfg = Debug|Any CPU
		{B91994BC-C577-44C6-9E67-D4DF9BCF8FB9}.Release|Any CPU.ActiveCfg = Release|Any CPU
		{B91994BC-C577-44C6-9E67-D4DF9BCF8FB9}.Release|Any CPU.Build.0 = Release|Any CPU
		{B91994BC-C577-44C6-9E67-D4DF9BCF8FB9}.Release|Mixed Platforms.ActiveCfg = Release|Any CPU
		{B91994BC-C577-44C6-9E67-D4DF9BCF8FB9}.Release|Mixed Platforms.Build.0 = Release|Any CPU
		{B91994BC-C577-44C6-9E67-D4DF9BCF8FB9}.Release|x86.ActiveCfg = Release|Any CPU
		{0C724456-6BC3-49D9-B121-F3BC59F1AC8D}.Debug|Any CPU.ActiveCfg = Debug|Any CPU
		{0C724456-6BC3-49D9-B121-F3BC59F1AC8D}.Debug|Any CPU.Build.0 = Debug|Any CPU
		{0C724456-6BC3-49D9-B121-F3BC59F1AC8D}.Debug|Mixed Platforms.ActiveCfg = Debug|Any CPU
		{0C724456-6BC3-49D9-B121-F3BC59F1AC8D}.Debug|Mixed Platforms.Build.0 = Debug|Any CPU
		{0C724456-6BC3-49D9-B121-F3BC59F1AC8D}.Debug|x86.ActiveCfg = Debug|Any CPU
		{0C724456-6BC3-49D9-B121-F3BC59F1AC8D}.Release|Any CPU.ActiveCfg = Release|Any CPU
		{0C724456-6BC3-49D9-B121-F3BC59F1AC8D}.Release|Any CPU.Build.0 = Release|Any CPU
		{0C724456-6BC3-49D9-B121-F3BC59F1AC8D}.Release|Mixed Platforms.ActiveCfg = Release|Any CPU
		{0C724456-6BC3-49D9-B121-F3BC59F1AC8D}.Release|Mixed Platforms.Build.0 = Release|Any CPU
		{0C724456-6BC3-49D9-B121-F3BC59F1AC8D}.Release|x86.ActiveCfg = Release|Any CPU
		{40B77789-EA11-4C05-8F52-86711D7BCAAF}.Debug|Any CPU.ActiveCfg = Debug|Any CPU
		{40B77789-EA11-4C05-8F52-86711D7BCAAF}.Debug|Any CPU.Build.0 = Debug|Any CPU
		{40B77789-EA11-4C05-8F52-86711D7BCAAF}.Debug|Mixed Platforms.ActiveCfg = Debug|Any CPU
		{40B77789-EA11-4C05-8F52-86711D7BCAAF}.Debug|Mixed Platforms.Build.0 = Debug|Any CPU
		{40B77789-EA11-4C05-8F52-86711D7BCAAF}.Debug|x86.ActiveCfg = Debug|Any CPU
		{40B77789-EA11-4C05-8F52-86711D7BCAAF}.Release|Any CPU.ActiveCfg = Release|Any CPU
		{40B77789-EA11-4C05-8F52-86711D7BCAAF}.Release|Any CPU.Build.0 = Release|Any CPU
		{40B77789-EA11-4C05-8F52-86711D7BCAAF}.Release|Mixed Platforms.ActiveCfg = Release|Any CPU
		{40B77789-EA11-4C05-8F52-86711D7BCAAF}.Release|Mixed Platforms.Build.0 = Release|Any CPU
		{40B77789-EA11-4C05-8F52-86711D7BCAAF}.Release|x86.ActiveCfg = Release|Any CPU
		{153FEF72-191C-43D9-BE71-2B351C7AC760}.Debug|Any CPU.ActiveCfg = Debug|Any CPU
		{153FEF72-191C-43D9-BE71-2B351C7AC760}.Debug|Any CPU.Build.0 = Debug|Any CPU
		{153FEF72-191C-43D9-BE71-2B351C7AC760}.Debug|Mixed Platforms.ActiveCfg = Debug|Any CPU
		{153FEF72-191C-43D9-BE71-2B351C7AC760}.Debug|Mixed Platforms.Build.0 = Debug|Any CPU
		{153FEF72-191C-43D9-BE71-2B351C7AC760}.Debug|x86.ActiveCfg = Debug|Any CPU
		{153FEF72-191C-43D9-BE71-2B351C7AC760}.Release|Any CPU.ActiveCfg = Release|Any CPU
		{153FEF72-191C-43D9-BE71-2B351C7AC760}.Release|Any CPU.Build.0 = Release|Any CPU
		{153FEF72-191C-43D9-BE71-2B351C7AC760}.Release|Mixed Platforms.ActiveCfg = Release|Any CPU
		{153FEF72-191C-43D9-BE71-2B351C7AC760}.Release|Mixed Platforms.Build.0 = Release|Any CPU
		{153FEF72-191C-43D9-BE71-2B351C7AC760}.Release|x86.ActiveCfg = Release|Any CPU
		{01987BAC-C498-44DD-B274-62EA2506B51D}.Debug|Any CPU.ActiveCfg = Debug|Any CPU
		{01987BAC-C498-44DD-B274-62EA2506B51D}.Debug|Any CPU.Build.0 = Debug|Any CPU
		{01987BAC-C498-44DD-B274-62EA2506B51D}.Debug|Mixed Platforms.ActiveCfg = Debug|Any CPU
		{01987BAC-C498-44DD-B274-62EA2506B51D}.Debug|Mixed Platforms.Build.0 = Debug|Any CPU
		{01987BAC-C498-44DD-B274-62EA2506B51D}.Debug|x86.ActiveCfg = Debug|Any CPU
		{01987BAC-C498-44DD-B274-62EA2506B51D}.Release|Any CPU.ActiveCfg = Release|Any CPU
		{01987BAC-C498-44DD-B274-62EA2506B51D}.Release|Any CPU.Build.0 = Release|Any CPU
		{01987BAC-C498-44DD-B274-62EA2506B51D}.Release|Mixed Platforms.ActiveCfg = Release|Any CPU
		{01987BAC-C498-44DD-B274-62EA2506B51D}.Release|Mixed Platforms.Build.0 = Release|Any CPU
		{01987BAC-C498-44DD-B274-62EA2506B51D}.Release|x86.ActiveCfg = Release|Any CPU
		{A24F4D38-BA9C-4FD6-95B7-4980DE36131A}.Debug|Any CPU.ActiveCfg = Debug|Any CPU
		{A24F4D38-BA9C-4FD6-95B7-4980DE36131A}.Debug|Any CPU.Build.0 = Debug|Any CPU
		{A24F4D38-BA9C-4FD6-95B7-4980DE36131A}.Debug|Mixed Platforms.ActiveCfg = Debug|Any CPU
		{A24F4D38-BA9C-4FD6-95B7-4980DE36131A}.Debug|Mixed Platforms.Build.0 = Debug|Any CPU
		{A24F4D38-BA9C-4FD6-95B7-4980DE36131A}.Debug|x86.ActiveCfg = Debug|Any CPU
		{A24F4D38-BA9C-4FD6-95B7-4980DE36131A}.Release|Any CPU.ActiveCfg = Release|Any CPU
		{A24F4D38-BA9C-4FD6-95B7-4980DE36131A}.Release|Any CPU.Build.0 = Release|Any CPU
		{A24F4D38-BA9C-4FD6-95B7-4980DE36131A}.Release|Mixed Platforms.ActiveCfg = Release|Any CPU
		{A24F4D38-BA9C-4FD6-95B7-4980DE36131A}.Release|Mixed Platforms.Build.0 = Release|Any CPU
		{A24F4D38-BA9C-4FD6-95B7-4980DE36131A}.Release|x86.ActiveCfg = Release|Any CPU
		{F0E141E9-FD28-4BF0-AD5E-FE06F044963D}.Debug|Any CPU.ActiveCfg = Debug|Any CPU
		{F0E141E9-FD28-4BF0-AD5E-FE06F044963D}.Debug|Any CPU.Build.0 = Debug|Any CPU
		{F0E141E9-FD28-4BF0-AD5E-FE06F044963D}.Debug|Mixed Platforms.ActiveCfg = Debug|Any CPU
		{F0E141E9-FD28-4BF0-AD5E-FE06F044963D}.Debug|Mixed Platforms.Build.0 = Debug|Any CPU
		{F0E141E9-FD28-4BF0-AD5E-FE06F044963D}.Debug|x86.ActiveCfg = Debug|Any CPU
		{F0E141E9-FD28-4BF0-AD5E-FE06F044963D}.Release|Any CPU.ActiveCfg = Release|Any CPU
		{F0E141E9-FD28-4BF0-AD5E-FE06F044963D}.Release|Any CPU.Build.0 = Release|Any CPU
		{F0E141E9-FD28-4BF0-AD5E-FE06F044963D}.Release|Mixed Platforms.ActiveCfg = Release|Any CPU
		{F0E141E9-FD28-4BF0-AD5E-FE06F044963D}.Release|Mixed Platforms.Build.0 = Release|Any CPU
		{F0E141E9-FD28-4BF0-AD5E-FE06F044963D}.Release|x86.ActiveCfg = Release|Any CPU
		{A5B27C94-CA79-4D52-80C2-19BE0336A34B}.Debug|Any CPU.ActiveCfg = Debug|Any CPU
		{A5B27C94-CA79-4D52-80C2-19BE0336A34B}.Debug|Any CPU.Build.0 = Debug|Any CPU
		{A5B27C94-CA79-4D52-80C2-19BE0336A34B}.Debug|Mixed Platforms.ActiveCfg = Debug|Any CPU
		{A5B27C94-CA79-4D52-80C2-19BE0336A34B}.Debug|Mixed Platforms.Build.0 = Debug|Any CPU
		{A5B27C94-CA79-4D52-80C2-19BE0336A34B}.Debug|x86.ActiveCfg = Debug|Any CPU
		{A5B27C94-CA79-4D52-80C2-19BE0336A34B}.Release|Any CPU.ActiveCfg = Release|Any CPU
		{A5B27C94-CA79-4D52-80C2-19BE0336A34B}.Release|Any CPU.Build.0 = Release|Any CPU
		{A5B27C94-CA79-4D52-80C2-19BE0336A34B}.Release|Mixed Platforms.ActiveCfg = Release|Any CPU
		{A5B27C94-CA79-4D52-80C2-19BE0336A34B}.Release|Mixed Platforms.Build.0 = Release|Any CPU
		{A5B27C94-CA79-4D52-80C2-19BE0336A34B}.Release|x86.ActiveCfg = Release|Any CPU
		{A713F720-88F0-498F-BD3D-5A31AE28E812}.Debug|Any CPU.ActiveCfg = Debug|Any CPU
		{A713F720-88F0-498F-BD3D-5A31AE28E812}.Debug|Any CPU.Build.0 = Debug|Any CPU
		{A713F720-88F0-498F-BD3D-5A31AE28E812}.Debug|Mixed Platforms.ActiveCfg = Debug|Any CPU
		{A713F720-88F0-498F-BD3D-5A31AE28E812}.Debug|Mixed Platforms.Build.0 = Debug|Any CPU
		{A713F720-88F0-498F-BD3D-5A31AE28E812}.Debug|x86.ActiveCfg = Debug|Any CPU
		{A713F720-88F0-498F-BD3D-5A31AE28E812}.Release|Any CPU.ActiveCfg = Release|Any CPU
		{A713F720-88F0-498F-BD3D-5A31AE28E812}.Release|Any CPU.Build.0 = Release|Any CPU
		{A713F720-88F0-498F-BD3D-5A31AE28E812}.Release|Mixed Platforms.ActiveCfg = Release|Any CPU
		{A713F720-88F0-498F-BD3D-5A31AE28E812}.Release|Mixed Platforms.Build.0 = Release|Any CPU
		{A713F720-88F0-498F-BD3D-5A31AE28E812}.Release|x86.ActiveCfg = Release|Any CPU
		{CD106589-D026-4AF2-8E42-3C8A701E8F79}.Debug|Any CPU.ActiveCfg = Debug|Any CPU
		{CD106589-D026-4AF2-8E42-3C8A701E8F79}.Debug|Any CPU.Build.0 = Debug|Any CPU
		{CD106589-D026-4AF2-8E42-3C8A701E8F79}.Debug|Mixed Platforms.ActiveCfg = Debug|Any CPU
		{CD106589-D026-4AF2-8E42-3C8A701E8F79}.Debug|Mixed Platforms.Build.0 = Debug|Any CPU
		{CD106589-D026-4AF2-8E42-3C8A701E8F79}.Debug|x86.ActiveCfg = Debug|Any CPU
		{CD106589-D026-4AF2-8E42-3C8A701E8F79}.Release|Any CPU.ActiveCfg = Release|Any CPU
		{CD106589-D026-4AF2-8E42-3C8A701E8F79}.Release|Any CPU.Build.0 = Release|Any CPU
		{CD106589-D026-4AF2-8E42-3C8A701E8F79}.Release|Mixed Platforms.ActiveCfg = Release|Any CPU
		{CD106589-D026-4AF2-8E42-3C8A701E8F79}.Release|Mixed Platforms.Build.0 = Release|Any CPU
		{CD106589-D026-4AF2-8E42-3C8A701E8F79}.Release|x86.ActiveCfg = Release|Any CPU
		{7F27113E-AC20-422A-A9BA-6C5AD693E5CE}.Debug|Any CPU.ActiveCfg = Debug|Any CPU
		{7F27113E-AC20-422A-A9BA-6C5AD693E5CE}.Debug|Any CPU.Build.0 = Debug|Any CPU
		{7F27113E-AC20-422A-A9BA-6C5AD693E5CE}.Debug|Mixed Platforms.ActiveCfg = Debug|Any CPU
		{7F27113E-AC20-422A-A9BA-6C5AD693E5CE}.Debug|Mixed Platforms.Build.0 = Debug|Any CPU
		{7F27113E-AC20-422A-A9BA-6C5AD693E5CE}.Debug|x86.ActiveCfg = Debug|Any CPU
		{7F27113E-AC20-422A-A9BA-6C5AD693E5CE}.Release|Any CPU.ActiveCfg = Release|Any CPU
		{7F27113E-AC20-422A-A9BA-6C5AD693E5CE}.Release|Any CPU.Build.0 = Release|Any CPU
		{7F27113E-AC20-422A-A9BA-6C5AD693E5CE}.Release|Mixed Platforms.ActiveCfg = Release|Any CPU
		{7F27113E-AC20-422A-A9BA-6C5AD693E5CE}.Release|Mixed Platforms.Build.0 = Release|Any CPU
		{7F27113E-AC20-422A-A9BA-6C5AD693E5CE}.Release|x86.ActiveCfg = Release|Any CPU
		{634125A0-20A5-44D5-8985-3C7F5F699BFA}.Debug|Any CPU.ActiveCfg = Debug|Any CPU
		{634125A0-20A5-44D5-8985-3C7F5F699BFA}.Debug|Any CPU.Build.0 = Debug|Any CPU
		{634125A0-20A5-44D5-8985-3C7F5F699BFA}.Debug|Mixed Platforms.ActiveCfg = Debug|Any CPU
		{634125A0-20A5-44D5-8985-3C7F5F699BFA}.Debug|Mixed Platforms.Build.0 = Debug|Any CPU
		{634125A0-20A5-44D5-8985-3C7F5F699BFA}.Debug|x86.ActiveCfg = Debug|Any CPU
		{634125A0-20A5-44D5-8985-3C7F5F699BFA}.Release|Any CPU.ActiveCfg = Release|Any CPU
		{634125A0-20A5-44D5-8985-3C7F5F699BFA}.Release|Any CPU.Build.0 = Release|Any CPU
		{634125A0-20A5-44D5-8985-3C7F5F699BFA}.Release|Mixed Platforms.ActiveCfg = Release|Any CPU
		{634125A0-20A5-44D5-8985-3C7F5F699BFA}.Release|Mixed Platforms.Build.0 = Release|Any CPU
		{634125A0-20A5-44D5-8985-3C7F5F699BFA}.Release|x86.ActiveCfg = Release|Any CPU
		{F88F0A54-B973-4F4B-8004-11D3AC588392}.Debug|Any CPU.ActiveCfg = Debug|Any CPU
		{F88F0A54-B973-4F4B-8004-11D3AC588392}.Debug|Any CPU.Build.0 = Debug|Any CPU
		{F88F0A54-B973-4F4B-8004-11D3AC588392}.Debug|Mixed Platforms.ActiveCfg = Debug|Any CPU
		{F88F0A54-B973-4F4B-8004-11D3AC588392}.Debug|Mixed Platforms.Build.0 = Debug|Any CPU
		{F88F0A54-B973-4F4B-8004-11D3AC588392}.Debug|x86.ActiveCfg = Debug|Any CPU
		{F88F0A54-B973-4F4B-8004-11D3AC588392}.Release|Any CPU.ActiveCfg = Release|Any CPU
		{F88F0A54-B973-4F4B-8004-11D3AC588392}.Release|Any CPU.Build.0 = Release|Any CPU
		{F88F0A54-B973-4F4B-8004-11D3AC588392}.Release|Mixed Platforms.ActiveCfg = Release|Any CPU
		{F88F0A54-B973-4F4B-8004-11D3AC588392}.Release|Mixed Platforms.Build.0 = Release|Any CPU
		{F88F0A54-B973-4F4B-8004-11D3AC588392}.Release|x86.ActiveCfg = Release|Any CPU
		{DB966310-FD22-4AF1-954E-CE86887ED540}.Debug|Any CPU.ActiveCfg = Debug|Any CPU
		{DB966310-FD22-4AF1-954E-CE86887ED540}.Debug|Any CPU.Build.0 = Debug|Any CPU
		{DB966310-FD22-4AF1-954E-CE86887ED540}.Debug|Mixed Platforms.ActiveCfg = Debug|Any CPU
		{DB966310-FD22-4AF1-954E-CE86887ED540}.Debug|Mixed Platforms.Build.0 = Debug|Any CPU
		{DB966310-FD22-4AF1-954E-CE86887ED540}.Debug|x86.ActiveCfg = Debug|Any CPU
		{DB966310-FD22-4AF1-954E-CE86887ED540}.Release|Any CPU.ActiveCfg = Release|Any CPU
		{DB966310-FD22-4AF1-954E-CE86887ED540}.Release|Any CPU.Build.0 = Release|Any CPU
		{DB966310-FD22-4AF1-954E-CE86887ED540}.Release|Mixed Platforms.ActiveCfg = Release|Any CPU
		{DB966310-FD22-4AF1-954E-CE86887ED540}.Release|Mixed Platforms.Build.0 = Release|Any CPU
		{DB966310-FD22-4AF1-954E-CE86887ED540}.Release|x86.ActiveCfg = Release|Any CPU
		{04EFD889-C27A-40AD-960C-3CD95FD9984D}.Debug|Any CPU.ActiveCfg = Debug|Any CPU
		{04EFD889-C27A-40AD-960C-3CD95FD9984D}.Debug|Any CPU.Build.0 = Debug|Any CPU
		{04EFD889-C27A-40AD-960C-3CD95FD9984D}.Debug|Mixed Platforms.ActiveCfg = Debug|Any CPU
		{04EFD889-C27A-40AD-960C-3CD95FD9984D}.Debug|Mixed Platforms.Build.0 = Debug|Any CPU
		{04EFD889-C27A-40AD-960C-3CD95FD9984D}.Debug|x86.ActiveCfg = Debug|Any CPU
		{04EFD889-C27A-40AD-960C-3CD95FD9984D}.Release|Any CPU.ActiveCfg = Release|Any CPU
		{04EFD889-C27A-40AD-960C-3CD95FD9984D}.Release|Any CPU.Build.0 = Release|Any CPU
		{04EFD889-C27A-40AD-960C-3CD95FD9984D}.Release|Mixed Platforms.ActiveCfg = Release|Any CPU
		{04EFD889-C27A-40AD-960C-3CD95FD9984D}.Release|Mixed Platforms.Build.0 = Release|Any CPU
		{04EFD889-C27A-40AD-960C-3CD95FD9984D}.Release|x86.ActiveCfg = Release|Any CPU
		{892AE4A9-9FD4-4AF8-A04D-1A8CBD18AC85}.Debug|Any CPU.ActiveCfg = Debug|Any CPU
		{892AE4A9-9FD4-4AF8-A04D-1A8CBD18AC85}.Debug|Any CPU.Build.0 = Debug|Any CPU
		{892AE4A9-9FD4-4AF8-A04D-1A8CBD18AC85}.Debug|Mixed Platforms.ActiveCfg = Debug|Any CPU
		{892AE4A9-9FD4-4AF8-A04D-1A8CBD18AC85}.Debug|Mixed Platforms.Build.0 = Debug|Any CPU
		{892AE4A9-9FD4-4AF8-A04D-1A8CBD18AC85}.Debug|x86.ActiveCfg = Debug|Any CPU
		{892AE4A9-9FD4-4AF8-A04D-1A8CBD18AC85}.Release|Any CPU.ActiveCfg = Release|Any CPU
		{892AE4A9-9FD4-4AF8-A04D-1A8CBD18AC85}.Release|Any CPU.Build.0 = Release|Any CPU
		{892AE4A9-9FD4-4AF8-A04D-1A8CBD18AC85}.Release|Mixed Platforms.ActiveCfg = Release|Any CPU
		{892AE4A9-9FD4-4AF8-A04D-1A8CBD18AC85}.Release|Mixed Platforms.Build.0 = Release|Any CPU
		{892AE4A9-9FD4-4AF8-A04D-1A8CBD18AC85}.Release|x86.ActiveCfg = Release|Any CPU
		{0E7F6DD9-C809-421B-B362-36A0BFF39EC7}.Debug|Any CPU.ActiveCfg = Debug|Any CPU
		{0E7F6DD9-C809-421B-B362-36A0BFF39EC7}.Debug|Any CPU.Build.0 = Debug|Any CPU
		{0E7F6DD9-C809-421B-B362-36A0BFF39EC7}.Debug|Mixed Platforms.ActiveCfg = Debug|Any CPU
		{0E7F6DD9-C809-421B-B362-36A0BFF39EC7}.Debug|Mixed Platforms.Build.0 = Debug|Any CPU
		{0E7F6DD9-C809-421B-B362-36A0BFF39EC7}.Debug|x86.ActiveCfg = Debug|Any CPU
		{0E7F6DD9-C809-421B-B362-36A0BFF39EC7}.Release|Any CPU.ActiveCfg = Release|Any CPU
		{0E7F6DD9-C809-421B-B362-36A0BFF39EC7}.Release|Any CPU.Build.0 = Release|Any CPU
		{0E7F6DD9-C809-421B-B362-36A0BFF39EC7}.Release|Mixed Platforms.ActiveCfg = Release|Any CPU
		{0E7F6DD9-C809-421B-B362-36A0BFF39EC7}.Release|Mixed Platforms.Build.0 = Release|Any CPU
		{0E7F6DD9-C809-421B-B362-36A0BFF39EC7}.Release|x86.ActiveCfg = Release|Any CPU
		{F72B3066-235E-42F0-ADB2-B7DE98A5F603}.Debug|Any CPU.ActiveCfg = Debug|Any CPU
		{F72B3066-235E-42F0-ADB2-B7DE98A5F603}.Debug|Any CPU.Build.0 = Debug|Any CPU
		{F72B3066-235E-42F0-ADB2-B7DE98A5F603}.Debug|Mixed Platforms.ActiveCfg = Debug|Any CPU
		{F72B3066-235E-42F0-ADB2-B7DE98A5F603}.Debug|Mixed Platforms.Build.0 = Debug|Any CPU
		{F72B3066-235E-42F0-ADB2-B7DE98A5F603}.Debug|x86.ActiveCfg = Debug|Any CPU
		{F72B3066-235E-42F0-ADB2-B7DE98A5F603}.Release|Any CPU.ActiveCfg = Release|Any CPU
		{F72B3066-235E-42F0-ADB2-B7DE98A5F603}.Release|Any CPU.Build.0 = Release|Any CPU
		{F72B3066-235E-42F0-ADB2-B7DE98A5F603}.Release|Mixed Platforms.ActiveCfg = Release|Any CPU
		{F72B3066-235E-42F0-ADB2-B7DE98A5F603}.Release|Mixed Platforms.Build.0 = Release|Any CPU
		{F72B3066-235E-42F0-ADB2-B7DE98A5F603}.Release|x86.ActiveCfg = Release|Any CPU
		{DC8873B3-30F2-466B-993B-2D74E75D1CB5}.Debug|Any CPU.ActiveCfg = Debug|Any CPU
		{DC8873B3-30F2-466B-993B-2D74E75D1CB5}.Debug|Any CPU.Build.0 = Debug|Any CPU
		{DC8873B3-30F2-466B-993B-2D74E75D1CB5}.Debug|Mixed Platforms.ActiveCfg = Debug|Any CPU
		{DC8873B3-30F2-466B-993B-2D74E75D1CB5}.Debug|Mixed Platforms.Build.0 = Debug|Any CPU
		{DC8873B3-30F2-466B-993B-2D74E75D1CB5}.Debug|x86.ActiveCfg = Debug|Any CPU
		{DC8873B3-30F2-466B-993B-2D74E75D1CB5}.Release|Any CPU.ActiveCfg = Release|Any CPU
		{DC8873B3-30F2-466B-993B-2D74E75D1CB5}.Release|Any CPU.Build.0 = Release|Any CPU
		{DC8873B3-30F2-466B-993B-2D74E75D1CB5}.Release|Mixed Platforms.ActiveCfg = Release|Any CPU
		{DC8873B3-30F2-466B-993B-2D74E75D1CB5}.Release|Mixed Platforms.Build.0 = Release|Any CPU
		{DC8873B3-30F2-466B-993B-2D74E75D1CB5}.Release|x86.ActiveCfg = Release|Any CPU
		{BC4B291C-F693-4EA9-B9D4-07794A49A548}.Debug|Any CPU.ActiveCfg = Debug|Any CPU
		{BC4B291C-F693-4EA9-B9D4-07794A49A548}.Debug|Any CPU.Build.0 = Debug|Any CPU
		{BC4B291C-F693-4EA9-B9D4-07794A49A548}.Debug|Mixed Platforms.ActiveCfg = Debug|Any CPU
		{BC4B291C-F693-4EA9-B9D4-07794A49A548}.Debug|Mixed Platforms.Build.0 = Debug|Any CPU
		{BC4B291C-F693-4EA9-B9D4-07794A49A548}.Debug|x86.ActiveCfg = Debug|Any CPU
		{BC4B291C-F693-4EA9-B9D4-07794A49A548}.Release|Any CPU.ActiveCfg = Release|Any CPU
		{BC4B291C-F693-4EA9-B9D4-07794A49A548}.Release|Any CPU.Build.0 = Release|Any CPU
		{BC4B291C-F693-4EA9-B9D4-07794A49A548}.Release|Mixed Platforms.ActiveCfg = Release|Any CPU
		{BC4B291C-F693-4EA9-B9D4-07794A49A548}.Release|Mixed Platforms.Build.0 = Release|Any CPU
		{BC4B291C-F693-4EA9-B9D4-07794A49A548}.Release|x86.ActiveCfg = Release|Any CPU
		{EF115D44-0360-456C-AADA-5EAD15D60C6C}.Debug|Any CPU.ActiveCfg = Debug|Any CPU
		{EF115D44-0360-456C-AADA-5EAD15D60C6C}.Debug|Any CPU.Build.0 = Debug|Any CPU
		{EF115D44-0360-456C-AADA-5EAD15D60C6C}.Debug|Mixed Platforms.ActiveCfg = Debug|Any CPU
		{EF115D44-0360-456C-AADA-5EAD15D60C6C}.Debug|Mixed Platforms.Build.0 = Debug|Any CPU
		{EF115D44-0360-456C-AADA-5EAD15D60C6C}.Debug|x86.ActiveCfg = Debug|Any CPU
		{EF115D44-0360-456C-AADA-5EAD15D60C6C}.Release|Any CPU.ActiveCfg = Release|Any CPU
		{EF115D44-0360-456C-AADA-5EAD15D60C6C}.Release|Any CPU.Build.0 = Release|Any CPU
		{EF115D44-0360-456C-AADA-5EAD15D60C6C}.Release|Mixed Platforms.ActiveCfg = Release|Any CPU
		{EF115D44-0360-456C-AADA-5EAD15D60C6C}.Release|Mixed Platforms.Build.0 = Release|Any CPU
		{EF115D44-0360-456C-AADA-5EAD15D60C6C}.Release|x86.ActiveCfg = Release|Any CPU
		{7773492C-459B-4B48-819C-86057878F63B}.Debug|Any CPU.ActiveCfg = Debug|Any CPU
		{7773492C-459B-4B48-819C-86057878F63B}.Debug|Any CPU.Build.0 = Debug|Any CPU
		{7773492C-459B-4B48-819C-86057878F63B}.Debug|Mixed Platforms.ActiveCfg = Debug|Any CPU
		{7773492C-459B-4B48-819C-86057878F63B}.Debug|Mixed Platforms.Build.0 = Debug|Any CPU
		{7773492C-459B-4B48-819C-86057878F63B}.Debug|x86.ActiveCfg = Debug|Any CPU
		{7773492C-459B-4B48-819C-86057878F63B}.Release|Any CPU.ActiveCfg = Release|Any CPU
		{7773492C-459B-4B48-819C-86057878F63B}.Release|Any CPU.Build.0 = Release|Any CPU
		{7773492C-459B-4B48-819C-86057878F63B}.Release|Mixed Platforms.ActiveCfg = Release|Any CPU
		{7773492C-459B-4B48-819C-86057878F63B}.Release|Mixed Platforms.Build.0 = Release|Any CPU
		{7773492C-459B-4B48-819C-86057878F63B}.Release|x86.ActiveCfg = Release|Any CPU
		{FA143361-D4A7-424E-94C8-838A4882400C}.Debug|Any CPU.ActiveCfg = Debug|Any CPU
		{FA143361-D4A7-424E-94C8-838A4882400C}.Debug|Any CPU.Build.0 = Debug|Any CPU
		{FA143361-D4A7-424E-94C8-838A4882400C}.Debug|Mixed Platforms.ActiveCfg = Debug|Any CPU
		{FA143361-D4A7-424E-94C8-838A4882400C}.Debug|Mixed Platforms.Build.0 = Debug|Any CPU
		{FA143361-D4A7-424E-94C8-838A4882400C}.Debug|x86.ActiveCfg = Debug|Any CPU
		{FA143361-D4A7-424E-94C8-838A4882400C}.Release|Any CPU.ActiveCfg = Release|Any CPU
		{FA143361-D4A7-424E-94C8-838A4882400C}.Release|Any CPU.Build.0 = Release|Any CPU
		{FA143361-D4A7-424E-94C8-838A4882400C}.Release|Mixed Platforms.ActiveCfg = Release|Any CPU
		{FA143361-D4A7-424E-94C8-838A4882400C}.Release|Mixed Platforms.Build.0 = Release|Any CPU
		{FA143361-D4A7-424E-94C8-838A4882400C}.Release|x86.ActiveCfg = Release|Any CPU
		{08D53178-76F2-4E1B-B9EA-B769A293DD0B}.Debug|Any CPU.ActiveCfg = Debug|Any CPU
		{08D53178-76F2-4E1B-B9EA-B769A293DD0B}.Debug|Any CPU.Build.0 = Debug|Any CPU
		{08D53178-76F2-4E1B-B9EA-B769A293DD0B}.Debug|Mixed Platforms.ActiveCfg = Debug|Any CPU
		{08D53178-76F2-4E1B-B9EA-B769A293DD0B}.Debug|Mixed Platforms.Build.0 = Debug|Any CPU
		{08D53178-76F2-4E1B-B9EA-B769A293DD0B}.Debug|x86.ActiveCfg = Debug|Any CPU
		{08D53178-76F2-4E1B-B9EA-B769A293DD0B}.Release|Any CPU.ActiveCfg = Release|Any CPU
		{08D53178-76F2-4E1B-B9EA-B769A293DD0B}.Release|Any CPU.Build.0 = Release|Any CPU
		{08D53178-76F2-4E1B-B9EA-B769A293DD0B}.Release|Mixed Platforms.ActiveCfg = Release|Any CPU
		{08D53178-76F2-4E1B-B9EA-B769A293DD0B}.Release|Mixed Platforms.Build.0 = Release|Any CPU
		{08D53178-76F2-4E1B-B9EA-B769A293DD0B}.Release|x86.ActiveCfg = Release|Any CPU
		{FB7EE1DA-0975-42DC-89A3-F03A3FCCCDCD}.Debug|Any CPU.ActiveCfg = Debug|Any CPU
		{FB7EE1DA-0975-42DC-89A3-F03A3FCCCDCD}.Debug|Any CPU.Build.0 = Debug|Any CPU
		{FB7EE1DA-0975-42DC-89A3-F03A3FCCCDCD}.Debug|Mixed Platforms.ActiveCfg = Debug|Any CPU
		{FB7EE1DA-0975-42DC-89A3-F03A3FCCCDCD}.Debug|Mixed Platforms.Build.0 = Debug|Any CPU
		{FB7EE1DA-0975-42DC-89A3-F03A3FCCCDCD}.Debug|x86.ActiveCfg = Debug|Any CPU
		{FB7EE1DA-0975-42DC-89A3-F03A3FCCCDCD}.Release|Any CPU.ActiveCfg = Release|Any CPU
		{FB7EE1DA-0975-42DC-89A3-F03A3FCCCDCD}.Release|Any CPU.Build.0 = Release|Any CPU
		{FB7EE1DA-0975-42DC-89A3-F03A3FCCCDCD}.Release|Mixed Platforms.ActiveCfg = Release|Any CPU
		{FB7EE1DA-0975-42DC-89A3-F03A3FCCCDCD}.Release|Mixed Platforms.Build.0 = Release|Any CPU
		{FB7EE1DA-0975-42DC-89A3-F03A3FCCCDCD}.Release|x86.ActiveCfg = Release|Any CPU
		{F066FC5D-051C-4366-AABA-726033C3773D}.Debug|Any CPU.ActiveCfg = Debug|Any CPU
		{F066FC5D-051C-4366-AABA-726033C3773D}.Debug|Any CPU.Build.0 = Debug|Any CPU
		{F066FC5D-051C-4366-AABA-726033C3773D}.Debug|Mixed Platforms.ActiveCfg = Debug|Any CPU
		{F066FC5D-051C-4366-AABA-726033C3773D}.Debug|Mixed Platforms.Build.0 = Debug|Any CPU
		{F066FC5D-051C-4366-AABA-726033C3773D}.Debug|x86.ActiveCfg = Debug|Any CPU
		{F066FC5D-051C-4366-AABA-726033C3773D}.Release|Any CPU.ActiveCfg = Release|Any CPU
		{F066FC5D-051C-4366-AABA-726033C3773D}.Release|Any CPU.Build.0 = Release|Any CPU
		{F066FC5D-051C-4366-AABA-726033C3773D}.Release|Mixed Platforms.ActiveCfg = Release|Any CPU
		{F066FC5D-051C-4366-AABA-726033C3773D}.Release|Mixed Platforms.Build.0 = Release|Any CPU
		{F066FC5D-051C-4366-AABA-726033C3773D}.Release|x86.ActiveCfg = Release|Any CPU
		{A6BF00DA-430F-4185-8496-A65B5BB174DB}.Debug|Any CPU.ActiveCfg = Debug|Any CPU
		{A6BF00DA-430F-4185-8496-A65B5BB174DB}.Debug|Any CPU.Build.0 = Debug|Any CPU
		{A6BF00DA-430F-4185-8496-A65B5BB174DB}.Debug|Mixed Platforms.ActiveCfg = Debug|Any CPU
		{A6BF00DA-430F-4185-8496-A65B5BB174DB}.Debug|Mixed Platforms.Build.0 = Debug|Any CPU
		{A6BF00DA-430F-4185-8496-A65B5BB174DB}.Debug|x86.ActiveCfg = Debug|Any CPU
		{A6BF00DA-430F-4185-8496-A65B5BB174DB}.Release|Any CPU.ActiveCfg = Release|Any CPU
		{A6BF00DA-430F-4185-8496-A65B5BB174DB}.Release|Any CPU.Build.0 = Release|Any CPU
		{A6BF00DA-430F-4185-8496-A65B5BB174DB}.Release|Mixed Platforms.ActiveCfg = Release|Any CPU
		{A6BF00DA-430F-4185-8496-A65B5BB174DB}.Release|Mixed Platforms.Build.0 = Release|Any CPU
		{A6BF00DA-430F-4185-8496-A65B5BB174DB}.Release|x86.ActiveCfg = Release|Any CPU
	EndGlobalSection
	GlobalSection(SolutionProperties) = preSolution
		HideSolutionNode = FALSE
	EndGlobalSection
	GlobalSection(NestedProjects) = preSolution
		{6CD2FD3E-C8AA-4AED-8783-4061BC97222C} = {92DA8A94-4A51-4FE3-8D02-2F53A38AC0E8}
		{E935C0FE-2B35-4D50-93FE-C8D23C87694A} = {6E3EED2D-FA90-4963-8D96-1397F4B697E5}
		{0E2AF7E0-2572-4538-80C4-BD6CE56D6680} = {CE98B8AF-664E-4180-964B-CDB1EE6BC417}
		{62420B2C-3C5F-4128-9B3B-443CF7B31C7A} = {0E2AF7E0-2572-4538-80C4-BD6CE56D6680}
		{CE9496AB-414E-4A34-838A-D781F41A6883} = {51DC4267-F642-4BE4-BEA7-D86A7381CA8C}
		{C58D0504-B15A-4368-BF03-8F85AC302430} = {51DC4267-F642-4BE4-BEA7-D86A7381CA8C}
		{9E44BBC3-F3DD-487B-A9A6-C84E7BF8D24E} = {CE98B8AF-664E-4180-964B-CDB1EE6BC417}
		{0A131ECC-DBD0-44F6-9140-DCCAD0F68C5C} = {9E44BBC3-F3DD-487B-A9A6-C84E7BF8D24E}
		{4A9E133B-A2BB-4506-A98C-597E792794C1} = {51DC4267-F642-4BE4-BEA7-D86A7381CA8C}
		{9687E45B-3BB3-4C1A-AE81-02CA2923614E} = {83E5FF62-681A-48D4-8AEE-13FD5232895E}
		{1775E364-9D4E-487C-804F-F8C89F9898EB} = {83E5FF62-681A-48D4-8AEE-13FD5232895E}
		{F8BD17A4-130C-471B-A036-5A3BBA77556D} = {83E5FF62-681A-48D4-8AEE-13FD5232895E}
		{9E64D11F-1452-4574-97D3-0974590D998E} = {83E5FF62-681A-48D4-8AEE-13FD5232895E}
		{5D39DA86-664B-445C-9F87-977E1C059956} = {83E5FF62-681A-48D4-8AEE-13FD5232895E}
		{2796F436-CFD0-48CC-A806-FAFDBC12A72B} = {83E5FF62-681A-48D4-8AEE-13FD5232895E}
		{2E1E49AF-8027-497D-B586-0032AC892A3E} = {83E5FF62-681A-48D4-8AEE-13FD5232895E}
		{BA262F6F-CDE8-4547-91C6-1EE8FA5980E5} = {83E5FF62-681A-48D4-8AEE-13FD5232895E}
		{21405185-F556-4D58-9A68-FDA04D664353} = {83E5FF62-681A-48D4-8AEE-13FD5232895E}
		{F9AC9BDD-D4FE-4F2F-AF49-63AD8F6B62FB} = {83E5FF62-681A-48D4-8AEE-13FD5232895E}
		{B91994BC-C577-44C6-9E67-D4DF9BCF8FB9} = {83E5FF62-681A-48D4-8AEE-13FD5232895E}
		{0C724456-6BC3-49D9-B121-F3BC59F1AC8D} = {83E5FF62-681A-48D4-8AEE-13FD5232895E}
		{4B4D1C33-AC01-41E4-B9DB-C6902B075500} = {6E3EED2D-FA90-4963-8D96-1397F4B697E5}
		{40B77789-EA11-4C05-8F52-86711D7BCAAF} = {A3486489-3F22-4109-B5B9-5E8008EDAD16}
		{153FEF72-191C-43D9-BE71-2B351C7AC760} = {A3486489-3F22-4109-B5B9-5E8008EDAD16}
		{01987BAC-C498-44DD-B274-62EA2506B51D} = {A3486489-3F22-4109-B5B9-5E8008EDAD16}
		{A24F4D38-BA9C-4FD6-95B7-4980DE36131A} = {A3486489-3F22-4109-B5B9-5E8008EDAD16}
		{7BDCFC71-134A-4084-93C2-38573D519F59} = {9E44BBC3-F3DD-487B-A9A6-C84E7BF8D24E}
		{55E1A321-A748-4D12-8C97-51DF9EE23339} = {CE98B8AF-664E-4180-964B-CDB1EE6BC417}
		{A5B27C94-CA79-4D52-80C2-19BE0336A34B} = {83E5FF62-681A-48D4-8AEE-13FD5232895E}
		{A713F720-88F0-498F-BD3D-5A31AE28E812} = {83E5FF62-681A-48D4-8AEE-13FD5232895E}
		{CD106589-D026-4AF2-8E42-3C8A701E8F79} = {92DA8A94-4A51-4FE3-8D02-2F53A38AC0E8}
		{7F27113E-AC20-422A-A9BA-6C5AD693E5CE} = {83E5FF62-681A-48D4-8AEE-13FD5232895E}
		{634125A0-20A5-44D5-8985-3C7F5F699BFA} = {83E5FF62-681A-48D4-8AEE-13FD5232895E}
		{F88F0A54-B973-4F4B-8004-11D3AC588392} = {83E5FF62-681A-48D4-8AEE-13FD5232895E}
		{DB966310-FD22-4AF1-954E-CE86887ED540} = {83E5FF62-681A-48D4-8AEE-13FD5232895E}
		{04EFD889-C27A-40AD-960C-3CD95FD9984D} = {83E5FF62-681A-48D4-8AEE-13FD5232895E}
		{892AE4A9-9FD4-4AF8-A04D-1A8CBD18AC85} = {83E5FF62-681A-48D4-8AEE-13FD5232895E}
		{0E7F6DD9-C809-421B-B362-36A0BFF39EC7} = {83E5FF62-681A-48D4-8AEE-13FD5232895E}
		{F72B3066-235E-42F0-ADB2-B7DE98A5F603} = {83E5FF62-681A-48D4-8AEE-13FD5232895E}
		{DC8873B3-30F2-466B-993B-2D74E75D1CB5} = {83E5FF62-681A-48D4-8AEE-13FD5232895E}
		{BC4B291C-F693-4EA9-B9D4-07794A49A548} = {83E5FF62-681A-48D4-8AEE-13FD5232895E}
		{EF115D44-0360-456C-AADA-5EAD15D60C6C} = {83E5FF62-681A-48D4-8AEE-13FD5232895E}
		{7773492C-459B-4B48-819C-86057878F63B} = {83E5FF62-681A-48D4-8AEE-13FD5232895E}
		{FA143361-D4A7-424E-94C8-838A4882400C} = {83E5FF62-681A-48D4-8AEE-13FD5232895E}
		{08D53178-76F2-4E1B-B9EA-B769A293DD0B} = {92DA8A94-4A51-4FE3-8D02-2F53A38AC0E8}
		{FB7EE1DA-0975-42DC-89A3-F03A3FCCCDCD} = {83E5FF62-681A-48D4-8AEE-13FD5232895E}
		{F066FC5D-051C-4366-AABA-726033C3773D} = {83E5FF62-681A-48D4-8AEE-13FD5232895E}
		{A6BF00DA-430F-4185-8496-A65B5BB174DB} = {83E5FF62-681A-48D4-8AEE-13FD5232895E}
	EndGlobalSection
EndGlobal
